
Microsoft Visual Studio Solution File, Format Version 12.00
# Visual Studio Version 17
VisualStudioVersion = 17.1.32228.430
MinimumVisualStudioVersion = 10.0.40219.1
Project("{FAE04EC0-301F-11D3-BF4B-00C04F79EFBC}") = "HardwareMonitor", "HardwareMonitor\HardwareMonitor.csproj", "{A35E920B-C76C-4F8C-BBF6-BD9234930ABB}"
EndProject
Global
	GlobalSection(SolutionConfigurationPlatforms) = preSolution
		Debug|Any CPU = Debug|Any CPU
		Release|Any CPU = Release|Any CPU
	EndGlobalSection
	GlobalSection(ProjectConfigurationPlatforms) = postSolution
		{A35E920B-C76C-4F8C-BBF6-BD9234930ABB}.Debug|Any CPU.ActiveCfg = Debug|Any CPU
		{A35E920B-C76C-4F8C-BBF6-BD9234930ABB}.Debug|Any CPU.Build.0 = Debug|Any CPU
		{A35E920B-C76C-4F8C-BBF6-BD9234930ABB}.Release|Any CPU.ActiveCfg = Release|Any CPU
		{A35E920B-C76C-4F8C-BBF6-BD9234930ABB}.Release|Any CPU.Build.0 = Release|Any CPU
	EndGlobalSection
	GlobalSection(SolutionProperties) = preSolution
		HideSolutionNode = FALSE
	EndGlobalSection
	GlobalSection(ExtensibilityGlobals) = postSolution
		SolutionGuid = {A92DA254-E02D-43BA-B124-6F46561C0B5E}
	EndGlobalSection
EndGlobal
